// !$*UTF8*$!
{
	archiveVersion = 1;
	classes = {
	};
	objectVersion = 45;
	objects = {

/* Begin PBXBuildFile section */
		1D3623260D0F684500981E51 /* CustomTabBarAppDelegate.m in Sources */ = {isa = PBXBuildFile; fileRef = 1D3623250D0F684500981E51 /* CustomTabBarAppDelegate.m */; };
		1D60589B0D05DD56006BFB54 /* main.m in Sources */ = {isa = PBXBuildFile; fileRef = 29B97316FDCFA39411CA2CEA /* main.m */; };
		1D60589F0D05DD5A006BFB54 /* Foundation.framework in Frameworks */ = {isa = PBXBuildFile; fileRef = 1D30AB110D05D00D00671497 /* Foundation.framework */; };
		1DF5F4E00D08C38300B7A737 /* UIKit.framework in Frameworks */ = {isa = PBXBuildFile; fileRef = 1DF5F4DF0D08C38300B7A737 /* UIKit.framework */; };
		288765A50DF7441C002DB57D /* CoreGraphics.framework in Frameworks */ = {isa = PBXBuildFile; fileRef = 288765A40DF7441C002DB57D /* CoreGraphics.framework */; };
		2899E5220DE3E06400AC0155 /* CustomTabBarViewController.xib in Resources */ = {isa = PBXBuildFile; fileRef = 2899E5210DE3E06400AC0155 /* CustomTabBarViewController.xib */; };
		28AD733F0D9D9553002E5188 /* MainWindow.xib in Resources */ = {isa = PBXBuildFile; fileRef = 28AD733E0D9D9553002E5188 /* MainWindow.xib */; };
		28D7ACF80DDB3853001CB0EB /* CustomTabBarViewController.m in Sources */ = {isa = PBXBuildFile; fileRef = 28D7ACF70DDB3853001CB0EB /* CustomTabBarViewController.m */; };
		7F48D4FD12D139C900DE44F6 /* CustomTabBar.m in Sources */ = {isa = PBXBuildFile; fileRef = 7F48D4FC12D139C900DE44F6 /* CustomTabBar.m */; };
		7F48D57712D1B88500DE44F6 /* chat.png in Resources */ = {isa = PBXBuildFile; fileRef = 7F48D56312D1B88500DE44F6 /* chat.png */; };
		7F48D57812D1B88500DE44F6 /* chat@2x.png in Resources */ = {isa = PBXBuildFile; fileRef = 7F48D56412D1B88500DE44F6 /* chat@2x.png */; };
		7F48D57912D1B88500DE44F6 /* compose-at.png in Resources */ = {isa = PBXBuildFile; fileRef = 7F48D56512D1B88500DE44F6 /* compose-at.png */; };
		7F48D57A12D1B88500DE44F6 /* compose-at@2x.png in Resources */ = {isa = PBXBuildFile; fileRef = 7F48D56612D1B88500DE44F6 /* compose-at@2x.png */; };
		7F48D57B12D1B88500DE44F6 /* magnifying-glass.png in Resources */ = {isa = PBXBuildFile; fileRef = 7F48D56712D1B88500DE44F6 /* magnifying-glass.png */; };
		7F48D57C12D1B88500DE44F6 /* magnifying-glass@2x.png in Resources */ = {isa = PBXBuildFile; fileRef = 7F48D56812D1B88500DE44F6 /* magnifying-glass@2x.png */; };
		7F48D57D12D1B88500DE44F6 /* messages.png in Resources */ = {isa = PBXBuildFile; fileRef = 7F48D56912D1B88500DE44F6 /* messages.png */; };
		7F48D57E12D1B88500DE44F6 /* messages@2x.png in Resources */ = {isa = PBXBuildFile; fileRef = 7F48D56A12D1B88500DE44F6 /* messages@2x.png */; };
		7F48D57F12D1B88500DE44F6 /* more.png in Resources */ = {isa = PBXBuildFile; fileRef = 7F48D56B12D1B88500DE44F6 /* more.png */; };
		7F48D58012D1B88500DE44F6 /* more@2x.png in Resources */ = {isa = PBXBuildFile; fileRef = 7F48D56C12D1B88500DE44F6 /* more@2x.png */; };
		7F48D58112D1B88500DE44F6 /* TabBarGlow.png in Resources */ = {isa = PBXBuildFile; fileRef = 7F48D56D12D1B88500DE44F6 /* TabBarGlow.png */; };
		7F48D58212D1B88500DE44F6 /* TabBarGlow@2x.png in Resources */ = {isa = PBXBuildFile; fileRef = 7F48D56E12D1B88500DE44F6 /* TabBarGlow@2x.png */; };
		7F48D58312D1B88500DE44F6 /* TabBarGradient.png in Resources */ = {isa = PBXBuildFile; fileRef = 7F48D56F12D1B88500DE44F6 /* TabBarGradient.png */; };
		7F48D58412D1B88500DE44F6 /* TabBarGradient@2x.png in Resources */ = {isa = PBXBuildFile; fileRef = 7F48D57012D1B88500DE44F6 /* TabBarGradient@2x.png */; };
		7F48D58512D1B88500DE44F6 /* TabBarItemSelectedBackground.png in Resources */ = {isa = PBXBuildFile; fileRef = 7F48D57112D1B88500DE44F6 /* TabBarItemSelectedBackground.png */; };
		7F48D58612D1B88500DE44F6 /* TabBarItemSelectedBackground@2x.png in Resources */ = {isa = PBXBuildFile; fileRef = 7F48D57212D1B88500DE44F6 /* TabBarItemSelectedBackground@2x.png */; };
		7F48D58712D1B88500DE44F6 /* TabBarNipple.png in Resources */ = {isa = PBXBuildFile; fileRef = 7F48D57312D1B88500DE44F6 /* TabBarNipple.png */; };
		7F48D58812D1B88500DE44F6 /* TabBarNipple@2x.png in Resources */ = {isa = PBXBuildFile; fileRef = 7F48D57412D1B88500DE44F6 /* TabBarNipple@2x.png */; };
		7F48D58912D1B88500DE44F6 /* TabBarSelection.png in Resources */ = {isa = PBXBuildFile; fileRef = 7F48D57512D1B88500DE44F6 /* TabBarSelection.png */; };
		7F48D58A12D1B88500DE44F6 /* TabBarSelection@2x.png in Resources */ = {isa = PBXBuildFile; fileRef = 7F48D57612D1B88500DE44F6 /* TabBarSelection@2x.png */; };
/* End PBXBuildFile section */

/* Begin PBXFileReference section */
		1D30AB110D05D00D00671497 /* Foundation.framework */ = {isa = PBXFileReference; lastKnownFileType = wrapper.framework; name = Foundation.framework; path = System/Library/Frameworks/Foundation.framework; sourceTree = SDKROOT; };
		1D3623240D0F684500981E51 /* CustomTabBarAppDelegate.h */ = {isa = PBXFileReference; fileEncoding = 4; lastKnownFileType = sourcecode.c.h; path = CustomTabBarAppDelegate.h; sourceTree = "<group>"; };
		1D3623250D0F684500981E51 /* CustomTabBarAppDelegate.m */ = {isa = PBXFileReference; fileEncoding = 4; lastKnownFileType = sourcecode.c.objc; path = CustomTabBarAppDelegate.m; sourceTree = "<group>"; };
		1D6058910D05DD3D006BFB54 /* CustomTabBar.app */ = {isa = PBXFileReference; explicitFileType = wrapper.application; includeInIndex = 0; path = CustomTabBar.app; sourceTree = BUILT_PRODUCTS_DIR; };
		1DF5F4DF0D08C38300B7A737 /* UIKit.framework */ = {isa = PBXFileReference; lastKnownFileType = wrapper.framework; name = UIKit.framework; path = System/Library/Frameworks/UIKit.framework; sourceTree = SDKROOT; };
		288765A40DF7441C002DB57D /* CoreGraphics.framework */ = {isa = PBXFileReference; lastKnownFileType = wrapper.framework; name = CoreGraphics.framework; path = System/Library/Frameworks/CoreGraphics.framework; sourceTree = SDKROOT; };
		2899E5210DE3E06400AC0155 /* CustomTabBarViewController.xib */ = {isa = PBXFileReference; lastKnownFileType = file.xib; path = CustomTabBarViewController.xib; sourceTree = "<group>"; };
		28AD733E0D9D9553002E5188 /* MainWindow.xib */ = {isa = PBXFileReference; lastKnownFileType = file.xib; path = MainWindow.xib; sourceTree = "<group>"; };
		28D7ACF60DDB3853001CB0EB /* CustomTabBarViewController.h */ = {isa = PBXFileReference; fileEncoding = 4; lastKnownFileType = sourcecode.c.h; path = CustomTabBarViewController.h; sourceTree = "<group>"; };
		28D7ACF70DDB3853001CB0EB /* CustomTabBarViewController.m */ = {isa = PBXFileReference; fileEncoding = 4; lastKnownFileType = sourcecode.c.objc; path = CustomTabBarViewController.m; sourceTree = "<group>"; };
		29B97316FDCFA39411CA2CEA /* main.m */ = {isa = PBXFileReference; fileEncoding = 4; lastKnownFileType = sourcecode.c.objc; path = main.m; sourceTree = "<group>"; };
		32CA4F630368D1EE00C91783 /* CustomTabBar_Prefix.pch */ = {isa = PBXFileReference; fileEncoding = 4; lastKnownFileType = sourcecode.c.h; path = CustomTabBar_Prefix.pch; sourceTree = "<group>"; };
		7F48D4FB12D139C900DE44F6 /* CustomTabBar.h */ = {isa = PBXFileReference; fileEncoding = 4; lastKnownFileType = sourcecode.c.h; path = CustomTabBar.h; sourceTree = "<group>"; };
		7F48D4FC12D139C900DE44F6 /* CustomTabBar.m */ = {isa = PBXFileReference; fileEncoding = 4; lastKnownFileType = sourcecode.c.objc; path = CustomTabBar.m; sourceTree = "<group>"; };
		7F48D56312D1B88500DE44F6 /* chat.png */ = {isa = PBXFileReference; lastKnownFileType = image.png; path = chat.png; sourceTree = "<group>"; };
		7F48D56412D1B88500DE44F6 /* chat@2x.png */ = {isa = PBXFileReference; lastKnownFileType = image.png; path = "chat@2x.png"; sourceTree = "<group>"; };
		7F48D56512D1B88500DE44F6 /* compose-at.png */ = {isa = PBXFileReference; lastKnownFileType = image.png; path = "compose-at.png"; sourceTree = "<group>"; };
		7F48D56612D1B88500DE44F6 /* compose-at@2x.png */ = {isa = PBXFileReference; lastKnownFileType = image.png; path = "compose-at@2x.png"; sourceTree = "<group>"; };
		7F48D56712D1B88500DE44F6 /* magnifying-glass.png */ = {isa = PBXFileReference; lastKnownFileType = image.png; path = "magnifying-glass.png"; sourceTree = "<group>"; };
		7F48D56812D1B88500DE44F6 /* magnifying-glass@2x.png */ = {isa = PBXFileReference; lastKnownFileType = image.png; path = "magnifying-glass@2x.png"; sourceTree = "<group>"; };
		7F48D56912D1B88500DE44F6 /* messages.png */ = {isa = PBXFileReference; lastKnownFileType = image.png; path = messages.png; sourceTree = "<group>"; };
		7F48D56A12D1B88500DE44F6 /* messages@2x.png */ = {isa = PBXFileReference; lastKnownFileType = image.png; path = "messages@2x.png"; sourceTree = "<group>"; };
		7F48D56B12D1B88500DE44F6 /* more.png */ = {isa = PBXFileReference; lastKnownFileType = image.png; path = more.png; sourceTree = "<group>"; };
		7F48D56C12D1B88500DE44F6 /* more@2x.png */ = {isa = PBXFileReference; lastKnownFileType = image.png; path = "more@2x.png"; sourceTree = "<group>"; };
		7F48D56D12D1B88500DE44F6 /* TabBarGlow.png */ = {isa = PBXFileReference; lastKnownFileType = image.png; path = TabBarGlow.png; sourceTree = "<group>"; };
		7F48D56E12D1B88500DE44F6 /* TabBarGlow@2x.png */ = {isa = PBXFileReference; lastKnownFileType = image.png; path = "TabBarGlow@2x.png"; sourceTree = "<group>"; };
		7F48D56F12D1B88500DE44F6 /* TabBarGradient.png */ = {isa = PBXFileReference; lastKnownFileType = image.png; path = TabBarGradient.png; sourceTree = "<group>"; };
		7F48D57012D1B88500DE44F6 /* TabBarGradient@2x.png */ = {isa = PBXFileReference; lastKnownFileType = image.png; path = "TabBarGradient@2x.png"; sourceTree = "<group>"; };
		7F48D57112D1B88500DE44F6 /* TabBarItemSelectedBackground.png */ = {isa = PBXFileReference; lastKnownFileType = image.png; path = TabBarItemSelectedBackground.png; sourceTree = "<group>"; };
		7F48D57212D1B88500DE44F6 /* TabBarItemSelectedBackground@2x.png */ = {isa = PBXFileReference; lastKnownFileType = image.png; path = "TabBarItemSelectedBackground@2x.png"; sourceTree = "<group>"; };
		7F48D57312D1B88500DE44F6 /* TabBarNipple.png */ = {isa = PBXFileReference; lastKnownFileType = image.png; path = TabBarNipple.png; sourceTree = "<group>"; };
		7F48D57412D1B88500DE44F6 /* TabBarNipple@2x.png */ = {isa = PBXFileReference; lastKnownFileType = image.png; path = "TabBarNipple@2x.png"; sourceTree = "<group>"; };
		7F48D57512D1B88500DE44F6 /* TabBarSelection.png */ = {isa = PBXFileReference; lastKnownFileType = image.png; path = TabBarSelection.png; sourceTree = "<group>"; };
		7F48D57612D1B88500DE44F6 /* TabBarSelection@2x.png */ = {isa = PBXFileReference; lastKnownFileType = image.png; path = "TabBarSelection@2x.png"; sourceTree = "<group>"; };
		8D1107310486CEB800E47090 /* CustomTabBar-Info.plist */ = {isa = PBXFileReference; fileEncoding = 4; lastKnownFileType = text.plist.xml; path = "CustomTabBar-Info.plist"; plistStructureDefinitionIdentifier = "com.apple.xcode.plist.structure-definition.iphone.info-plist"; sourceTree = "<group>"; };
/* End PBXFileReference section */

/* Begin PBXFrameworksBuildPhase section */
		1D60588F0D05DD3D006BFB54 /* Frameworks */ = {
			isa = PBXFrameworksBuildPhase;
			buildActionMask = 2147483647;
			files = (
				1D60589F0D05DD5A006BFB54 /* Foundation.framework in Frameworks */,
				1DF5F4E00D08C38300B7A737 /* UIKit.framework in Frameworks */,
				288765A50DF7441C002DB57D /* CoreGraphics.framework in Frameworks */,
			);
			runOnlyForDeploymentPostprocessing = 0;
		};
/* End PBXFrameworksBuildPhase section */

/* Begin PBXGroup section */
		080E96DDFE201D6D7F000001 /* Classes */ = {
			isa = PBXGroup;
			children = (
				1D3623240D0F684500981E51 /* CustomTabBarAppDelegate.h */,
				1D3623250D0F684500981E51 /* CustomTabBarAppDelegate.m */,
				28D7ACF60DDB3853001CB0EB /* CustomTabBarViewController.h */,
				28D7ACF70DDB3853001CB0EB /* CustomTabBarViewController.m */,
				7F48D4FB12D139C900DE44F6 /* CustomTabBar.h */,
				7F48D4FC12D139C900DE44F6 /* CustomTabBar.m */,
			);
			path = Classes;
			sourceTree = "<group>";
		};
		19C28FACFE9D520D11CA2CBB /* Products */ = {
			isa = PBXGroup;
			children = (
				1D6058910D05DD3D006BFB54 /* CustomTabBar.app */,
			);
			name = Products;
			sourceTree = "<group>";
		};
		29B97314FDCFA39411CA2CEA /* CustomTemplate */ = {
			isa = PBXGroup;
			children = (
				080E96DDFE201D6D7F000001 /* Classes */,
				29B97315FDCFA39411CA2CEA /* Other Sources */,
				29B97317FDCFA39411CA2CEA /* Resources */,
				29B97323FDCFA39411CA2CEA /* Frameworks */,
				19C28FACFE9D520D11CA2CBB /* Products */,
			);
			name = CustomTemplate;
			sourceTree = "<group>";
		};
		29B97315FDCFA39411CA2CEA /* Other Sources */ = {
			isa = PBXGroup;
			children = (
				32CA4F630368D1EE00C91783 /* CustomTabBar_Prefix.pch */,
				29B97316FDCFA39411CA2CEA /* main.m */,
			);
			name = "Other Sources";
			sourceTree = "<group>";
		};
		29B97317FDCFA39411CA2CEA /* Resources */ = {
			isa = PBXGroup;
			children = (
				2899E5210DE3E06400AC0155 /* CustomTabBarViewController.xib */,
				28AD733E0D9D9553002E5188 /* MainWindow.xib */,
				8D1107310486CEB800E47090 /* CustomTabBar-Info.plist */,
				7F48D56212D1B88500DE44F6 /* Images */,
			);
			name = Resources;
			sourceTree = "<group>";
		};
		29B97323FDCFA39411CA2CEA /* Frameworks */ = {
			isa = PBXGroup;
			children = (
				1DF5F4DF0D08C38300B7A737 /* UIKit.framework */,
				1D30AB110D05D00D00671497 /* Foundation.framework */,
				288765A40DF7441C002DB57D /* CoreGraphics.framework */,
			);
			name = Frameworks;
			sourceTree = "<group>";
		};
		7F48D56212D1B88500DE44F6 /* Images */ = {
			isa = PBXGroup;
			children = (
				7F48D56312D1B88500DE44F6 /* chat.png */,
				7F48D56412D1B88500DE44F6 /* chat@2x.png */,
				7F48D56512D1B88500DE44F6 /* compose-at.png */,
				7F48D56612D1B88500DE44F6 /* compose-at@2x.png */,
				7F48D56712D1B88500DE44F6 /* magnifying-glass.png */,
				7F48D56812D1B88500DE44F6 /* magnifying-glass@2x.png */,
				7F48D56912D1B88500DE44F6 /* messages.png */,
				7F48D56A12D1B88500DE44F6 /* messages@2x.png */,
				7F48D56B12D1B88500DE44F6 /* more.png */,
				7F48D56C12D1B88500DE44F6 /* more@2x.png */,
				7F48D56D12D1B88500DE44F6 /* TabBarGlow.png */,
				7F48D56E12D1B88500DE44F6 /* TabBarGlow@2x.png */,
				7F48D56F12D1B88500DE44F6 /* TabBarGradient.png */,
				7F48D57012D1B88500DE44F6 /* TabBarGradient@2x.png */,
				7F48D57112D1B88500DE44F6 /* TabBarItemSelectedBackground.png */,
				7F48D57212D1B88500DE44F6 /* TabBarItemSelectedBackground@2x.png */,
				7F48D57312D1B88500DE44F6 /* TabBarNipple.png */,
				7F48D57412D1B88500DE44F6 /* TabBarNipple@2x.png */,
				7F48D57512D1B88500DE44F6 /* TabBarSelection.png */,
				7F48D57612D1B88500DE44F6 /* TabBarSelection@2x.png */,
			);
			path = Images;
			sourceTree = "<group>";
		};
/* End PBXGroup section */

/* Begin PBXNativeTarget section */
		1D6058900D05DD3D006BFB54 /* CustomTabBar */ = {
			isa = PBXNativeTarget;
			buildConfigurationList = 1D6058960D05DD3E006BFB54 /* Build configuration list for PBXNativeTarget "CustomTabBar" */;
			buildPhases = (
				1D60588D0D05DD3D006BFB54 /* Resources */,
				1D60588E0D05DD3D006BFB54 /* Sources */,
				1D60588F0D05DD3D006BFB54 /* Frameworks */,
			);
			buildRules = (
			);
			dependencies = (
			);
			name = CustomTabBar;
			productName = CustomTabBar;
			productReference = 1D6058910D05DD3D006BFB54 /* CustomTabBar.app */;
			productType = "com.apple.product-type.application";
		};
/* End PBXNativeTarget section */

/* Begin PBXProject section */
		29B97313FDCFA39411CA2CEA /* Project object */ = {
			isa = PBXProject;
			buildConfigurationList = C01FCF4E08A954540054247B /* Build configuration list for PBXProject "CustomTabBar" */;
			compatibilityVersion = "Xcode 3.1";
			developmentRegion = English;
			hasScannedForEncodings = 1;
			knownRegions = (
				English,
				Japanese,
				French,
				German,
			);
			mainGroup = 29B97314FDCFA39411CA2CEA /* CustomTemplate */;
			projectDirPath = "";
			projectRoot = "";
			targets = (
				1D6058900D05DD3D006BFB54 /* CustomTabBar */,
			);
		};
/* End PBXProject section */

/* Begin PBXResourcesBuildPhase section */
		1D60588D0D05DD3D006BFB54 /* Resources */ = {
			isa = PBXResourcesBuildPhase;
			buildActionMask = 2147483647;
			files = (
				28AD733F0D9D9553002E5188 /* MainWindow.xib in Resources */,
				2899E5220DE3E06400AC0155 /* CustomTabBarViewController.xib in Resources */,
				7F48D57712D1B88500DE44F6 /* chat.png in Resources */,
				7F48D57812D1B88500DE44F6 /* chat@2x.png in Resources */,
				7F48D57912D1B88500DE44F6 /* compose-at.png in Resources */,
				7F48D57A12D1B88500DE44F6 /* compose-at@2x.png in Resources */,
				7F48D57B12D1B88500DE44F6 /* magnifying-glass.png in Resources */,
				7F48D57C12D1B88500DE44F6 /* magnifying-glass@2x.png in Resources */,
				7F48D57D12D1B88500DE44F6 /* messages.png in Resources */,
				7F48D57E12D1B88500DE44F6 /* messages@2x.png in Resources */,
				7F48D57F12D1B88500DE44F6 /* more.png in Resources */,
				7F48D58012D1B88500DE44F6 /* more@2x.png in Resources */,
				7F48D58112D1B88500DE44F6 /* TabBarGlow.png in Resources */,
				7F48D58212D1B88500DE44F6 /* TabBarGlow@2x.png in Resources */,
				7F48D58312D1B88500DE44F6 /* TabBarGradient.png in Resources */,
				7F48D58412D1B88500DE44F6 /* TabBarGradient@2x.png in Resources */,
				7F48D58512D1B88500DE44F6 /* TabBarItemSelectedBackground.png in Resources */,
				7F48D58612D1B88500DE44F6 /* TabBarItemSelectedBackground@2x.png in Resources */,
				7F48D58712D1B88500DE44F6 /* TabBarNipple.png in Resources */,
				7F48D58812D1B88500DE44F6 /* TabBarNipple@2x.png in Resources */,
				7F48D58912D1B88500DE44F6 /* TabBarSelection.png in Resources */,
				7F48D58A12D1B88500DE44F6 /* TabBarSelection@2x.png in Resources */,
			);
			runOnlyForDeploymentPostprocessing = 0;
		};
/* End PBXResourcesBuildPhase section */

/* Begin PBXSourcesBuildPhase section */
		1D60588E0D05DD3D006BFB54 /* Sources */ = {
			isa = PBXSourcesBuildPhase;
			buildActionMask = 2147483647;
			files = (
				1D60589B0D05DD56006BFB54 /* main.m in Sources */,
				1D3623260D0F684500981E51 /* CustomTabBarAppDelegate.m in Sources */,
				28D7ACF80DDB3853001CB0EB /* CustomTabBarViewController.m in Sources */,
				7F48D4FD12D139C900DE44F6 /* CustomTabBar.m in Sources */,
			);
			runOnlyForDeploymentPostprocessing = 0;
		};
/* End PBXSourcesBuildPhase section */

/* Begin XCBuildConfiguration section */
		1D6058940D05DD3E006BFB54 /* Debug */ = {
			isa = XCBuildConfiguration;
			buildSettings = {
				ALWAYS_SEARCH_USER_PATHS = NO;
				COPY_PHASE_STRIP = NO;
				GCC_DYNAMIC_NO_PIC = NO;
				GCC_OPTIMIZATION_LEVEL = 0;
				GCC_PRECOMPILE_PREFIX_HEADER = YES;
				GCC_PREFIX_HEADER = CustomTabBar_Prefix.pch;
				INFOPLIST_FILE = "CustomTabBar-Info.plist";
				PRODUCT_NAME = CustomTabBar;
			};
			name = Debug;
		};
		1D6058950D05DD3E006BFB54 /* Release */ = {
			isa = XCBuildConfiguration;
			buildSettings = {
				ALWAYS_SEARCH_USER_PATHS = NO;
				COPY_PHASE_STRIP = YES;
				GCC_PRECOMPILE_PREFIX_HEADER = YES;
				GCC_PREFIX_HEADER = CustomTabBar_Prefix.pch;
				INFOPLIST_FILE = "CustomTabBar-Info.plist";
				PRODUCT_NAME = CustomTabBar;
				VALIDATE_PRODUCT = YES;
			};
			name = Release;
		};
		C01FCF4F08A954540054247B /* Debug */ = {
			isa = XCBuildConfiguration;
			buildSettings = {
				ARCHS = "$(ARCHS_STANDARD_32_BIT)";
				"CODE_SIGN_IDENTITY[sdk=iphoneos*]" = "iPhone Developer";
				GCC_C_LANGUAGE_STANDARD = c99;
				GCC_WARN_ABOUT_RETURN_TYPE = YES;
				GCC_WARN_UNUSED_VARIABLE = YES;
				IPHONEOS_DEPLOYMENT_TARGET = 4.0;
				PREBINDING = NO;
				SDKROOT = iphoneos;
			};
			name = Debug;
		};
		C01FCF5008A954540054247B /* Release */ = {
			isa = XCBuildConfiguration;
			buildSettings = {
				ARCHS = "$(ARCHS_STANDARD_32_BIT)";
				"CODE_SIGN_IDENTITY[sdk=iphoneos*]" = "iPhone Developer";
				GCC_C_LANGUAGE_STANDARD = c99;
				GCC_WARN_ABOUT_RETURN_TYPE = YES;
				GCC_WARN_UNUSED_VARIABLE = YES;
				IPHONEOS_DEPLOYMENT_TARGET = 4.0;
				OTHER_CFLAGS = "-DNS_BLOCK_ASSERTIONS=1";
				PREBINDING = NO;
				SDKROOT = iphoneos;
			};
			name = Release;
		};
/* End XCBuildConfiguration section */

/* Begin XCConfigurationList section */
		1D6058960D05DD3E006BFB54 /* Build configuration list for PBXNativeTarget "CustomTabBar" */ = {
			isa = XCConfigurationList;
			buildConfigurations = (
				1D6058940D05DD3E006BFB54 /* Debug */,
				1D6058950D05DD3E006BFB54 /* Release */,
			);
			defaultConfigurationIsVisible = 0;
			defaultConfigurationName = Release;
		};
		C01FCF4E08A954540054247B /* Build configuration list for PBXProject "CustomTabBar" */ = {
			isa = XCConfigurationList;
			buildConfigurations = (
				C01FCF4F08A954540054247B /* Debug */,
				C01FCF5008A954540054247B /* Release */,
			);
			defaultConfigurationIsVisible = 0;
			defaultConfigurationName = Release;
		};
/* End XCConfigurationList section */
	};
	rootObject = 29B97313FDCFA39411CA2CEA /* Project object */;
}
