// !$*UTF8*$!
{
	archiveVersion = 1;
	classes = {
	};
	objectVersion = 45;
	objects = {

/* Begin PBXBuildFile section */
		1D3623260D0F684500981E51 /* CustomBackButtonAppDelegate.m in Sources */ = {isa = PBXBuildFile; fileRef = 1D3623250D0F684500981E51 /* CustomBackButtonAppDelegate.m */; };
		1D60589B0D05DD56006BFB54 /* main.m in Sources */ = {isa = PBXBuildFile; fileRef = 29B97316FDCFA39411CA2CEA /* main.m */; };
		1D60589F0D05DD5A006BFB54 /* Foundation.framework in Frameworks */ = {isa = PBXBuildFile; fileRef = 1D30AB110D05D00D00671497 /* Foundation.framework */; };
		1DF5F4E00D08C38300B7A737 /* UIKit.framework in Frameworks */ = {isa = PBXBuildFile; fileRef = 1DF5F4DF0D08C38300B7A737 /* UIKit.framework */; };
		2892E4100DC94CBA00A64D0F /* CoreGraphics.framework in Frameworks */ = {isa = PBXBuildFile; fileRef = 2892E40F0DC94CBA00A64D0F /* CoreGraphics.framework */; };
		28AD73600D9D9599002E5188 /* MainWindow.xib in Resources */ = {isa = PBXBuildFile; fileRef = 28AD735F0D9D9599002E5188 /* MainWindow.xib */; };
		28C286E10D94DF7D0034E888 /* RootViewController.m in Sources */ = {isa = PBXBuildFile; fileRef = 28C286E00D94DF7D0034E888 /* RootViewController.m */; };
		28F335F11007B36200424DE2 /* RootViewController.xib in Resources */ = {isa = PBXBuildFile; fileRef = 28F335F01007B36200424DE2 /* RootViewController.xib */; };
		7FD2C09712DB8DF8000BA4EA /* ReederViewController.m in Sources */ = {isa = PBXBuildFile; fileRef = 7FD2C09512DB8DF8000BA4EA /* ReederViewController.m */; };
		7FD2C09E12DB8F7C000BA4EA /* InstagramViewController.m in Sources */ = {isa = PBXBuildFile; fileRef = 7FD2C09C12DB8F7C000BA4EA /* InstagramViewController.m */; };
		7FD2C0B112DB8FE3000BA4EA /* InstagramIcon.png in Resources */ = {isa = PBXBuildFile; fileRef = 7FD2C0A712DB8FE3000BA4EA /* InstagramIcon.png */; };
		7FD2C0B212DB8FE3000BA4EA /* InstagramIcon@2x.png in Resources */ = {isa = PBXBuildFile; fileRef = 7FD2C0A812DB8FE3000BA4EA /* InstagramIcon@2x.png */; };
		7FD2C0B312DB8FE3000BA4EA /* navigationBarBackButton.png in Resources */ = {isa = PBXBuildFile; fileRef = 7FD2C0A912DB8FE3000BA4EA /* navigationBarBackButton.png */; };
		7FD2C0B412DB8FE3000BA4EA /* navigationBarBackButton@2x.png in Resources */ = {isa = PBXBuildFile; fileRef = 7FD2C0AA12DB8FE3000BA4EA /* navigationBarBackButton@2x.png */; };
		7FD2C0B512DB8FE3000BA4EA /* navigationBarBackgroundRetro.png in Resources */ = {isa = PBXBuildFile; fileRef = 7FD2C0AB12DB8FE3000BA4EA /* navigationBarBackgroundRetro.png */; };
		7FD2C0B612DB8FE3000BA4EA /* navigationBarBackgroundRetro@2x.png in Resources */ = {isa = PBXBuildFile; fileRef = 7FD2C0AC12DB8FE3000BA4EA /* navigationBarBackgroundRetro@2x.png */; };
		7FD2C0B712DB8FE3000BA4EA /* navigationBarLogo.png in Resources */ = {isa = PBXBuildFile; fileRef = 7FD2C0AD12DB8FE3000BA4EA /* navigationBarLogo.png */; };
		7FD2C0B812DB8FE3000BA4EA /* navigationBarLogo@2x.png in Resources */ = {isa = PBXBuildFile; fileRef = 7FD2C0AE12DB8FE3000BA4EA /* navigationBarLogo@2x.png */; };
		7FD2C0B912DB8FE3000BA4EA /* BarBackground.png in Resources */ = {isa = PBXBuildFile; fileRef = 7FD2C0B012DB8FE3000BA4EA /* BarBackground.png */; };
		7FD2C43712DC2022000BA4EA /* CustomNavigationBar.m in Sources */ = {isa = PBXBuildFile; fileRef = 7FD2C43612DC2022000BA4EA /* CustomNavigationBar.m */; };
		7FD2C73912DD17B8000BA4EA /* DailyBoothViewController.m in Sources */ = {isa = PBXBuildFile; fileRef = 7FD2C73712DD17B8000BA4EA /* DailyBoothViewController.m */; };
		7FD2C74412DD18BF000BA4EA /* back_button_alpha.png in Resources */ = {isa = PBXBuildFile; fileRef = 7FD2C73E12DD18BF000BA4EA /* back_button_alpha.png */; };
		7FD2C74512DD18BF000BA4EA /* back_button_alpha@2x.png in Resources */ = {isa = PBXBuildFile; fileRef = 7FD2C73F12DD18BF000BA4EA /* back_button_alpha@2x.png */; };
		7FD2C74612DD18BF000BA4EA /* DailyBoothIcon.png in Resources */ = {isa = PBXBuildFile; fileRef = 7FD2C74012DD18BF000BA4EA /* DailyBoothIcon.png */; };
		7FD2C74712DD18BF000BA4EA /* DailyBoothIcon@2x.png in Resources */ = {isa = PBXBuildFile; fileRef = 7FD2C74112DD18BF000BA4EA /* DailyBoothIcon@2x.png */; };
		7FD2C74812DD18BF000BA4EA /* db_navbar_bg.png in Resources */ = {isa = PBXBuildFile; fileRef = 7FD2C74212DD18BF000BA4EA /* db_navbar_bg.png */; };
		7FD2C74912DD18BF000BA4EA /* db_navbar_bg@2x.png in Resources */ = {isa = PBXBuildFile; fileRef = 7FD2C74312DD18BF000BA4EA /* db_navbar_bg@2x.png */; };
		7FD2C74C12DD18C6000BA4EA /* reedericon.png in Resources */ = {isa = PBXBuildFile; fileRef = 7FD2C74A12DD18C6000BA4EA /* reedericon.png */; };
		7FD2C74D12DD18C6000BA4EA /* reedericon@2x.png in Resources */ = {isa = PBXBuildFile; fileRef = 7FD2C74B12DD18C6000BA4EA /* reedericon@2x.png */; };
		7FD2C7FB12DD6B5A000BA4EA /* BaseViewController.m in Sources */ = {isa = PBXBuildFile; fileRef = 7FD2C7FA12DD6B5A000BA4EA /* BaseViewController.m */; };
		7FD2C7FD12DD6BCB000BA4EA /* BaseViewController.xib in Resources */ = {isa = PBXBuildFile; fileRef = 7FD2C7FC12DD6BCB000BA4EA /* BaseViewController.xib */; };
		7FD2C83E12DD70E8000BA4EA /* button.png in Resources */ = {isa = PBXBuildFile; fileRef = 7FD2C83D12DD70E8000BA4EA /* button.png */; };
/* End PBXBuildFile section */

/* Begin PBXFileReference section */
		1D30AB110D05D00D00671497 /* Foundation.framework */ = {isa = PBXFileReference; lastKnownFileType = wrapper.framework; name = Foundation.framework; path = System/Library/Frameworks/Foundation.framework; sourceTree = SDKROOT; };
		1D3623240D0F684500981E51 /* CustomBackButtonAppDelegate.h */ = {isa = PBXFileReference; fileEncoding = 4; lastKnownFileType = sourcecode.c.h; path = CustomBackButtonAppDelegate.h; sourceTree = "<group>"; };
		1D3623250D0F684500981E51 /* CustomBackButtonAppDelegate.m */ = {isa = PBXFileReference; fileEncoding = 4; lastKnownFileType = sourcecode.c.objc; path = CustomBackButtonAppDelegate.m; sourceTree = "<group>"; };
		1D6058910D05DD3D006BFB54 /* CustomBackButton.app */ = {isa = PBXFileReference; explicitFileType = wrapper.application; includeInIndex = 0; path = CustomBackButton.app; sourceTree = BUILT_PRODUCTS_DIR; };
		1DF5F4DF0D08C38300B7A737 /* UIKit.framework */ = {isa = PBXFileReference; lastKnownFileType = wrapper.framework; name = UIKit.framework; path = System/Library/Frameworks/UIKit.framework; sourceTree = SDKROOT; };
		2892E40F0DC94CBA00A64D0F /* CoreGraphics.framework */ = {isa = PBXFileReference; lastKnownFileType = wrapper.framework; name = CoreGraphics.framework; path = System/Library/Frameworks/CoreGraphics.framework; sourceTree = SDKROOT; };
		28A0AAE50D9B0CCF005BE974 /* CustomBackButton_Prefix.pch */ = {isa = PBXFileReference; fileEncoding = 4; lastKnownFileType = sourcecode.c.h; path = CustomBackButton_Prefix.pch; sourceTree = "<group>"; };
		28AD735F0D9D9599002E5188 /* MainWindow.xib */ = {isa = PBXFileReference; lastKnownFileType = file.xib; path = MainWindow.xib; sourceTree = "<group>"; };
		28C286DF0D94DF7D0034E888 /* RootViewController.h */ = {isa = PBXFileReference; fileEncoding = 4; lastKnownFileType = sourcecode.c.h; path = RootViewController.h; sourceTree = "<group>"; };
		28C286E00D94DF7D0034E888 /* RootViewController.m */ = {isa = PBXFileReference; fileEncoding = 4; lastKnownFileType = sourcecode.c.objc; path = RootViewController.m; sourceTree = "<group>"; };
		28F335F01007B36200424DE2 /* RootViewController.xib */ = {isa = PBXFileReference; lastKnownFileType = file.xib; path = RootViewController.xib; sourceTree = "<group>"; };
		29B97316FDCFA39411CA2CEA /* main.m */ = {isa = PBXFileReference; fileEncoding = 4; lastKnownFileType = sourcecode.c.objc; path = main.m; sourceTree = "<group>"; };
		7FD2C09412DB8DF8000BA4EA /* ReederViewController.h */ = {isa = PBXFileReference; fileEncoding = 4; lastKnownFileType = sourcecode.c.h; path = ReederViewController.h; sourceTree = "<group>"; };
		7FD2C09512DB8DF8000BA4EA /* ReederViewController.m */ = {isa = PBXFileReference; fileEncoding = 4; lastKnownFileType = sourcecode.c.objc; path = ReederViewController.m; sourceTree = "<group>"; };
		7FD2C09B12DB8F7C000BA4EA /* InstagramViewController.h */ = {isa = PBXFileReference; fileEncoding = 4; lastKnownFileType = sourcecode.c.h; path = InstagramViewController.h; sourceTree = "<group>"; };
		7FD2C09C12DB8F7C000BA4EA /* InstagramViewController.m */ = {isa = PBXFileReference; fileEncoding = 4; lastKnownFileType = sourcecode.c.objc; path = InstagramViewController.m; sourceTree = "<group>"; };
		7FD2C0A712DB8FE3000BA4EA /* InstagramIcon.png */ = {isa = PBXFileReference; lastKnownFileType = image.png; path = InstagramIcon.png; sourceTree = "<group>"; };
		7FD2C0A812DB8FE3000BA4EA /* InstagramIcon@2x.png */ = {isa = PBXFileReference; lastKnownFileType = image.png; path = "InstagramIcon@2x.png"; sourceTree = "<group>"; };
		7FD2C0A912DB8FE3000BA4EA /* navigationBarBackButton.png */ = {isa = PBXFileReference; lastKnownFileType = image.png; path = navigationBarBackButton.png; sourceTree = "<group>"; };
		7FD2C0AA12DB8FE3000BA4EA /* navigationBarBackButton@2x.png */ = {isa = PBXFileReference; lastKnownFileType = image.png; path = "navigationBarBackButton@2x.png"; sourceTree = "<group>"; };
		7FD2C0AB12DB8FE3000BA4EA /* navigationBarBackgroundRetro.png */ = {isa = PBXFileReference; lastKnownFileType = image.png; path = navigationBarBackgroundRetro.png; sourceTree = "<group>"; };
		7FD2C0AC12DB8FE3000BA4EA /* navigationBarBackgroundRetro@2x.png */ = {isa = PBXFileReference; lastKnownFileType = image.png; path = "navigationBarBackgroundRetro@2x.png"; sourceTree = "<group>"; };
		7FD2C0AD12DB8FE3000BA4EA /* navigationBarLogo.png */ = {isa = PBXFileReference; lastKnownFileType = image.png; path = navigationBarLogo.png; sourceTree = "<group>"; };
		7FD2C0AE12DB8FE3000BA4EA /* navigationBarLogo@2x.png */ = {isa = PBXFileReference; lastKnownFileType = image.png; path = "navigationBarLogo@2x.png"; sourceTree = "<group>"; };
		7FD2C0B012DB8FE3000BA4EA /* BarBackground.png */ = {isa = PBXFileReference; lastKnownFileType = image.png; path = BarBackground.png; sourceTree = "<group>"; };
		7FD2C43512DC2022000BA4EA /* CustomNavigationBar.h */ = {isa = PBXFileReference; fileEncoding = 4; lastKnownFileType = sourcecode.c.h; path = CustomNavigationBar.h; sourceTree = "<group>"; };
		7FD2C43612DC2022000BA4EA /* CustomNavigationBar.m */ = {isa = PBXFileReference; fileEncoding = 4; lastKnownFileType = sourcecode.c.objc; path = CustomNavigationBar.m; sourceTree = "<group>"; };
		7FD2C73612DD17B8000BA4EA /* DailyBoothViewController.h */ = {isa = PBXFileReference; fileEncoding = 4; lastKnownFileType = sourcecode.c.h; path = DailyBoothViewController.h; sourceTree = "<group>"; };
		7FD2C73712DD17B8000BA4EA /* DailyBoothViewController.m */ = {isa = PBXFileReference; fileEncoding = 4; lastKnownFileType = sourcecode.c.objc; path = DailyBoothViewController.m; sourceTree = "<group>"; };
		7FD2C73E12DD18BF000BA4EA /* back_button_alpha.png */ = {isa = PBXFileReference; lastKnownFileType = image.png; path = back_button_alpha.png; sourceTree = "<group>"; };
		7FD2C73F12DD18BF000BA4EA /* back_button_alpha@2x.png */ = {isa = PBXFileReference; lastKnownFileType = image.png; path = "back_button_alpha@2x.png"; sourceTree = "<group>"; };
		7FD2C74012DD18BF000BA4EA /* DailyBoothIcon.png */ = {isa = PBXFileReference; lastKnownFileType = image.png; path = DailyBoothIcon.png; sourceTree = "<group>"; };
		7FD2C74112DD18BF000BA4EA /* DailyBoothIcon@2x.png */ = {isa = PBXFileReference; lastKnownFileType = image.png; path = "DailyBoothIcon@2x.png"; sourceTree = "<group>"; };
		7FD2C74212DD18BF000BA4EA /* db_navbar_bg.png */ = {isa = PBXFileReference; lastKnownFileType = image.png; path = db_navbar_bg.png; sourceTree = "<group>"; };
		7FD2C74312DD18BF000BA4EA /* db_navbar_bg@2x.png */ = {isa = PBXFileReference; lastKnownFileType = image.png; path = "db_navbar_bg@2x.png"; sourceTree = "<group>"; };
		7FD2C74A12DD18C6000BA4EA /* reedericon.png */ = {isa = PBXFileReference; lastKnownFileType = image.png; path = reedericon.png; sourceTree = "<group>"; };
		7FD2C74B12DD18C6000BA4EA /* reedericon@2x.png */ = {isa = PBXFileReference; lastKnownFileType = image.png; path = "reedericon@2x.png"; sourceTree = "<group>"; };
		7FD2C7F912DD6B5A000BA4EA /* BaseViewController.h */ = {isa = PBXFileReference; fileEncoding = 4; lastKnownFileType = sourcecode.c.h; path = BaseViewController.h; sourceTree = "<group>"; };
		7FD2C7FA12DD6B5A000BA4EA /* BaseViewController.m */ = {isa = PBXFileReference; fileEncoding = 4; lastKnownFileType = sourcecode.c.objc; path = BaseViewController.m; sourceTree = "<group>"; };
		7FD2C7FC12DD6BCB000BA4EA /* BaseViewController.xib */ = {isa = PBXFileReference; lastKnownFileType = file.xib; path = BaseViewController.xib; sourceTree = "<group>"; };
		7FD2C83D12DD70E8000BA4EA /* button.png */ = {isa = PBXFileReference; lastKnownFileType = image.png; path = button.png; sourceTree = "<group>"; };
		8D1107310486CEB800E47090 /* CustomBackButton-Info.plist */ = {isa = PBXFileReference; fileEncoding = 4; lastKnownFileType = text.plist.xml; path = "CustomBackButton-Info.plist"; plistStructureDefinitionIdentifier = "com.apple.xcode.plist.structure-definition.iphone.info-plist"; sourceTree = "<group>"; };
/* End PBXFileReference section */

/* Begin PBXFrameworksBuildPhase section */
		1D60588F0D05DD3D006BFB54 /* Frameworks */ = {
			isa = PBXFrameworksBuildPhase;
			buildActionMask = 2147483647;
			files = (
				1D60589F0D05DD5A006BFB54 /* Foundation.framework in Frameworks */,
				1DF5F4E00D08C38300B7A737 /* UIKit.framework in Frameworks */,
				2892E4100DC94CBA00A64D0F /* CoreGraphics.framework in Frameworks */,
			);
			runOnlyForDeploymentPostprocessing = 0;
		};
/* End PBXFrameworksBuildPhase section */

/* Begin PBXGroup section */
		080E96DDFE201D6D7F000001 /* Classes */ = {
			isa = PBXGroup;
			children = (
				28C286DF0D94DF7D0034E888 /* RootViewController.h */,
				28C286E00D94DF7D0034E888 /* RootViewController.m */,
				1D3623240D0F684500981E51 /* CustomBackButtonAppDelegate.h */,
				1D3623250D0F684500981E51 /* CustomBackButtonAppDelegate.m */,
				7FD2C09B12DB8F7C000BA4EA /* InstagramViewController.h */,
				7FD2C09C12DB8F7C000BA4EA /* InstagramViewController.m */,
				7FD2C09412DB8DF8000BA4EA /* ReederViewController.h */,
				7FD2C09512DB8DF8000BA4EA /* ReederViewController.m */,
				7FD2C43512DC2022000BA4EA /* CustomNavigationBar.h */,
				7FD2C43612DC2022000BA4EA /* CustomNavigationBar.m */,
				7FD2C73612DD17B8000BA4EA /* DailyBoothViewController.h */,
				7FD2C73712DD17B8000BA4EA /* DailyBoothViewController.m */,
				7FD2C7F912DD6B5A000BA4EA /* BaseViewController.h */,
				7FD2C7FA12DD6B5A000BA4EA /* BaseViewController.m */,
			);
			path = Classes;
			sourceTree = "<group>";
		};
		19C28FACFE9D520D11CA2CBB /* Products */ = {
			isa = PBXGroup;
			children = (
				1D6058910D05DD3D006BFB54 /* CustomBackButton.app */,
			);
			name = Products;
			sourceTree = "<group>";
		};
		29B97314FDCFA39411CA2CEA /* CustomTemplate */ = {
			isa = PBXGroup;
			children = (
				080E96DDFE201D6D7F000001 /* Classes */,
				29B97315FDCFA39411CA2CEA /* Other Sources */,
				29B97317FDCFA39411CA2CEA /* Resources */,
				29B97323FDCFA39411CA2CEA /* Frameworks */,
				19C28FACFE9D520D11CA2CBB /* Products */,
			);
			name = CustomTemplate;
			sourceTree = "<group>";
		};
		29B97315FDCFA39411CA2CEA /* Other Sources */ = {
			isa = PBXGroup;
			children = (
				28A0AAE50D9B0CCF005BE974 /* CustomBackButton_Prefix.pch */,
				29B97316FDCFA39411CA2CEA /* main.m */,
			);
			name = "Other Sources";
			sourceTree = "<group>";
		};
		29B97317FDCFA39411CA2CEA /* Resources */ = {
			isa = PBXGroup;
			children = (
				28F335F01007B36200424DE2 /* RootViewController.xib */,
				28AD735F0D9D9599002E5188 /* MainWindow.xib */,
				7FD2C7FC12DD6BCB000BA4EA /* BaseViewController.xib */,
				8D1107310486CEB800E47090 /* CustomBackButton-Info.plist */,
				7FD2C0A512DB8FE3000BA4EA /* Images */,
			);
			name = Resources;
			sourceTree = "<group>";
		};
		29B97323FDCFA39411CA2CEA /* Frameworks */ = {
			isa = PBXGroup;
			children = (
				1DF5F4DF0D08C38300B7A737 /* UIKit.framework */,
				1D30AB110D05D00D00671497 /* Foundation.framework */,
				2892E40F0DC94CBA00A64D0F /* CoreGraphics.framework */,
			);
			name = Frameworks;
			sourceTree = "<group>";
		};
		7FD2C0A512DB8FE3000BA4EA /* Images */ = {
			isa = PBXGroup;
			children = (
				7FD2C83D12DD70E8000BA4EA /* button.png */,
				7FD2C0A612DB8FE3000BA4EA /* Instagram */,
				7FD2C0AF12DB8FE3000BA4EA /* Reeder */,
				7FD2C73D12DD18BF000BA4EA /* DailyBooth */,
			);
			path = Images;
			sourceTree = "<group>";
		};
		7FD2C0A612DB8FE3000BA4EA /* Instagram */ = {
			isa = PBXGroup;
			children = (
				7FD2C0A712DB8FE3000BA4EA /* InstagramIcon.png */,
				7FD2C0A812DB8FE3000BA4EA /* InstagramIcon@2x.png */,
				7FD2C0A912DB8FE3000BA4EA /* navigationBarBackButton.png */,
				7FD2C0AA12DB8FE3000BA4EA /* navigationBarBackButton@2x.png */,
				7FD2C0AB12DB8FE3000BA4EA /* navigationBarBackgroundRetro.png */,
				7FD2C0AC12DB8FE3000BA4EA /* navigationBarBackgroundRetro@2x.png */,
				7FD2C0AD12DB8FE3000BA4EA /* navigationBarLogo.png */,
				7FD2C0AE12DB8FE3000BA4EA /* navigationBarLogo@2x.png */,
			);
			path = Instagram;
			sourceTree = "<group>";
		};
		7FD2C0AF12DB8FE3000BA4EA /* Reeder */ = {
			isa = PBXGroup;
			children = (
				7FD2C0B012DB8FE3000BA4EA /* BarBackground.png */,
				7FD2C74A12DD18C6000BA4EA /* reedericon.png */,
				7FD2C74B12DD18C6000BA4EA /* reedericon@2x.png */,
			);
			path = Reeder;
			sourceTree = "<group>";
		};
		7FD2C73D12DD18BF000BA4EA /* DailyBooth */ = {
			isa = PBXGroup;
			children = (
				7FD2C73E12DD18BF000BA4EA /* back_button_alpha.png */,
				7FD2C73F12DD18BF000BA4EA /* back_button_alpha@2x.png */,
				7FD2C74012DD18BF000BA4EA /* DailyBoothIcon.png */,
				7FD2C74112DD18BF000BA4EA /* DailyBoothIcon@2x.png */,
				7FD2C74212DD18BF000BA4EA /* db_navbar_bg.png */,
				7FD2C74312DD18BF000BA4EA /* db_navbar_bg@2x.png */,
			);
			path = DailyBooth;
			sourceTree = "<group>";
		};
/* End PBXGroup section */

/* Begin PBXNativeTarget section */
		1D6058900D05DD3D006BFB54 /* CustomBackButton */ = {
			isa = PBXNativeTarget;
			buildConfigurationList = 1D6058960D05DD3E006BFB54 /* Build configuration list for PBXNativeTarget "CustomBackButton" */;
			buildPhases = (
				1D60588D0D05DD3D006BFB54 /* Resources */,
				1D60588E0D05DD3D006BFB54 /* Sources */,
				1D60588F0D05DD3D006BFB54 /* Frameworks */,
			);
			buildRules = (
			);
			dependencies = (
			);
			name = CustomBackButton;
			productName = CustomBackButton;
			productReference = 1D6058910D05DD3D006BFB54 /* CustomBackButton.app */;
			productType = "com.apple.product-type.application";
		};
/* End PBXNativeTarget section */

/* Begin PBXProject section */
		29B97313FDCFA39411CA2CEA /* Project object */ = {
			isa = PBXProject;
			buildConfigurationList = C01FCF4E08A954540054247B /* Build configuration list for PBXProject "CustomBackButton" */;
			compatibilityVersion = "Xcode 3.1";
			developmentRegion = English;
			hasScannedForEncodings = 1;
			knownRegions = (
				English,
				Japanese,
				French,
				German,
				en,
			);
			mainGroup = 29B97314FDCFA39411CA2CEA /* CustomTemplate */;
			projectDirPath = "";
			projectRoot = "";
			targets = (
				1D6058900D05DD3D006BFB54 /* CustomBackButton */,
			);
		};
/* End PBXProject section */

/* Begin PBXResourcesBuildPhase section */
		1D60588D0D05DD3D006BFB54 /* Resources */ = {
			isa = PBXResourcesBuildPhase;
			buildActionMask = 2147483647;
			files = (
				28AD73600D9D9599002E5188 /* MainWindow.xib in Resources */,
				28F335F11007B36200424DE2 /* RootViewController.xib in Resources */,
				7FD2C0B112DB8FE3000BA4EA /* InstagramIcon.png in Resources */,
				7FD2C0B212DB8FE3000BA4EA /* InstagramIcon@2x.png in Resources */,
				7FD2C0B312DB8FE3000BA4EA /* navigationBarBackButton.png in Resources */,
				7FD2C0B412DB8FE3000BA4EA /* navigationBarBackButton@2x.png in Resources */,
				7FD2C0B512DB8FE3000BA4EA /* navigationBarBackgroundRetro.png in Resources */,
				7FD2C0B612DB8FE3000BA4EA /* navigationBarBackgroundRetro@2x.png in Resources */,
				7FD2C0B712DB8FE3000BA4EA /* navigationBarLogo.png in Resources */,
				7FD2C0B812DB8FE3000BA4EA /* navigationBarLogo@2x.png in Resources */,
				7FD2C0B912DB8FE3000BA4EA /* BarBackground.png in Resources */,
				7FD2C74412DD18BF000BA4EA /* back_button_alpha.png in Resources */,
				7FD2C74512DD18BF000BA4EA /* back_button_alpha@2x.png in Resources */,
				7FD2C74612DD18BF000BA4EA /* DailyBoothIcon.png in Resources */,
				7FD2C74712DD18BF000BA4EA /* DailyBoothIcon@2x.png in Resources */,
				7FD2C74812DD18BF000BA4EA /* db_navbar_bg.png in Resources */,
				7FD2C74912DD18BF000BA4EA /* db_navbar_bg@2x.png in Resources */,
				7FD2C74C12DD18C6000BA4EA /* reedericon.png in Resources */,
				7FD2C74D12DD18C6000BA4EA /* reedericon@2x.png in Resources */,
				7FD2C7FD12DD6BCB000BA4EA /* BaseViewController.xib in Resources */,
				7FD2C83E12DD70E8000BA4EA /* button.png in Resources */,
			);
			runOnlyForDeploymentPostprocessing = 0;
		};
/* End PBXResourcesBuildPhase section */

/* Begin PBXSourcesBuildPhase section */
		1D60588E0D05DD3D006BFB54 /* Sources */ = {
			isa = PBXSourcesBuildPhase;
			buildActionMask = 2147483647;
			files = (
				1D60589B0D05DD56006BFB54 /* main.m in Sources */,
				1D3623260D0F684500981E51 /* CustomBackButtonAppDelegate.m in Sources */,
				28C286E10D94DF7D0034E888 /* RootViewController.m in Sources */,
				7FD2C09712DB8DF8000BA4EA /* ReederViewController.m in Sources */,
				7FD2C09E12DB8F7C000BA4EA /* InstagramViewController.m in Sources */,
				7FD2C43712DC2022000BA4EA /* CustomNavigationBar.m in Sources */,
				7FD2C73912DD17B8000BA4EA /* DailyBoothViewController.m in Sources */,
				7FD2C7FB12DD6B5A000BA4EA /* BaseViewController.m in Sources */,
			);
			runOnlyForDeploymentPostprocessing = 0;
		};
/* End PBXSourcesBuildPhase section */

/* Begin XCBuildConfiguration section */
		1D6058940D05DD3E006BFB54 /* Debug */ = {
			isa = XCBuildConfiguration;
			buildSettings = {
				ALWAYS_SEARCH_USER_PATHS = NO;
				COPY_PHASE_STRIP = NO;
				GCC_DYNAMIC_NO_PIC = NO;
				GCC_OPTIMIZATION_LEVEL = 0;
				GCC_PRECOMPILE_PREFIX_HEADER = YES;
				GCC_PREFIX_HEADER = CustomBackButton_Prefix.pch;
				INFOPLIST_FILE = "CustomBackButton-Info.plist";
				PRODUCT_NAME = CustomBackButton;
			};
			name = Debug;
		};
		1D6058950D05DD3E006BFB54 /* Release */ = {
			isa = XCBuildConfiguration;
			buildSettings = {
				ALWAYS_SEARCH_USER_PATHS = NO;
				COPY_PHASE_STRIP = YES;
				GCC_PRECOMPILE_PREFIX_HEADER = YES;
				GCC_PREFIX_HEADER = CustomBackButton_Prefix.pch;
				INFOPLIST_FILE = "CustomBackButton-Info.plist";
				PRODUCT_NAME = CustomBackButton;
				VALIDATE_PRODUCT = YES;
			};
			name = Release;
		};
		C01FCF4F08A954540054247B /* Debug */ = {
			isa = XCBuildConfiguration;
			buildSettings = {
				ARCHS = "$(ARCHS_STANDARD_32_BIT)";
				"CODE_SIGN_IDENTITY[sdk=iphoneos*]" = "iPhone Developer";
				GCC_C_LANGUAGE_STANDARD = c99;
				GCC_WARN_ABOUT_RETURN_TYPE = YES;
				GCC_WARN_UNUSED_VARIABLE = YES;
				PREBINDING = NO;
				SDKROOT = iphoneos;
			};
			name = Debug;
		};
		C01FCF5008A954540054247B /* Release */ = {
			isa = XCBuildConfiguration;
			buildSettings = {
				ARCHS = "$(ARCHS_STANDARD_32_BIT)";
				"CODE_SIGN_IDENTITY[sdk=iphoneos*]" = "iPhone Developer";
				GCC_C_LANGUAGE_STANDARD = c99;
				GCC_WARN_ABOUT_RETURN_TYPE = YES;
				GCC_WARN_UNUSED_VARIABLE = YES;
				OTHER_CFLAGS = "-DNS_BLOCK_ASSERTIONS=1";
				PREBINDING = NO;
				SDKROOT = iphoneos;
			};
			name = Release;
		};
/* End XCBuildConfiguration section */

/* Begin XCConfigurationList section */
		1D6058960D05DD3E006BFB54 /* Build configuration list for PBXNativeTarget "CustomBackButton" */ = {
			isa = XCConfigurationList;
			buildConfigurations = (
				1D6058940D05DD3E006BFB54 /* Debug */,
				1D6058950D05DD3E006BFB54 /* Release */,
			);
			defaultConfigurationIsVisible = 0;
			defaultConfigurationName = Release;
		};
		C01FCF4E08A954540054247B /* Build configuration list for PBXProject "CustomBackButton" */ = {
			isa = XCConfigurationList;
			buildConfigurations = (
				C01FCF4F08A954540054247B /* Debug */,
				C01FCF5008A954540054247B /* Release */,
			);
			defaultConfigurationIsVisible = 0;
			defaultConfigurationName = Release;
		};
/* End XCConfigurationList section */
	};
	rootObject = 29B97313FDCFA39411CA2CEA /* Project object */;
}
