// !$*UTF8*$!
{
	archiveVersion = 1;
	classes = {
	};
	objectVersion = 45;
	objects = {

/* Begin PBXBuildFile section */
		1D3623260D0F684500981E51 /* CustomSegmentedControlsAppDelegate.m in Sources */ = {isa = PBXBuildFile; fileRef = 1D3623250D0F684500981E51 /* CustomSegmentedControlsAppDelegate.m */; };
		1D60589B0D05DD56006BFB54 /* main.m in Sources */ = {isa = PBXBuildFile; fileRef = 29B97316FDCFA39411CA2CEA /* main.m */; };
		1D60589F0D05DD5A006BFB54 /* Foundation.framework in Frameworks */ = {isa = PBXBuildFile; fileRef = 1D30AB110D05D00D00671497 /* Foundation.framework */; };
		1DF5F4E00D08C38300B7A737 /* UIKit.framework in Frameworks */ = {isa = PBXBuildFile; fileRef = 1DF5F4DF0D08C38300B7A737 /* UIKit.framework */; };
		288765A50DF7441C002DB57D /* CoreGraphics.framework in Frameworks */ = {isa = PBXBuildFile; fileRef = 288765A40DF7441C002DB57D /* CoreGraphics.framework */; };
		2899E5220DE3E06400AC0155 /* CustomSegmentedControlsViewController.xib in Resources */ = {isa = PBXBuildFile; fileRef = 2899E5210DE3E06400AC0155 /* CustomSegmentedControlsViewController.xib */; };
		28AD733F0D9D9553002E5188 /* MainWindow.xib in Resources */ = {isa = PBXBuildFile; fileRef = 28AD733E0D9D9553002E5188 /* MainWindow.xib */; };
		28D7ACF80DDB3853001CB0EB /* CustomSegmentedControlsViewController.m in Sources */ = {isa = PBXBuildFile; fileRef = 28D7ACF70DDB3853001CB0EB /* CustomSegmentedControlsViewController.m */; };
		7FCA1AAE12B33C5400D76D3A /* blue-divider.png in Resources */ = {isa = PBXBuildFile; fileRef = 7FCA1AAA12B33C5400D76D3A /* blue-divider.png */; };
		7FCA1AB012B33C5400D76D3A /* bottombarredfire_pressed.png in Resources */ = {isa = PBXBuildFile; fileRef = 7FCA1AAC12B33C5400D76D3A /* bottombarredfire_pressed.png */; };
		7FCA1AB112B33C5400D76D3A /* bottombarredfire.png in Resources */ = {isa = PBXBuildFile; fileRef = 7FCA1AAD12B33C5400D76D3A /* bottombarredfire.png */; };
		7FCA1AC412B342BE00D76D3A /* bottombarblue_pressed.png in Resources */ = {isa = PBXBuildFile; fileRef = 7FCA1AC212B342BE00D76D3A /* bottombarblue_pressed.png */; };
		7FCA1AC512B342BE00D76D3A /* bottombarblue.png in Resources */ = {isa = PBXBuildFile; fileRef = 7FCA1AC312B342BE00D76D3A /* bottombarblue.png */; };
		7FCA1B0A12B41C4D00D76D3A /* CustomSegmentedControl.m in Sources */ = {isa = PBXBuildFile; fileRef = 7FCA1B0912B41C4D00D76D3A /* CustomSegmentedControl.m */; };
		7FCA1CAF12B42B9100D76D3A /* red-divider.png in Resources */ = {isa = PBXBuildFile; fileRef = 7FCA1CAE12B42B9100D76D3A /* red-divider.png */; };
/* End PBXBuildFile section */

/* Begin PBXFileReference section */
		1D30AB110D05D00D00671497 /* Foundation.framework */ = {isa = PBXFileReference; lastKnownFileType = wrapper.framework; name = Foundation.framework; path = System/Library/Frameworks/Foundation.framework; sourceTree = SDKROOT; };
		1D3623240D0F684500981E51 /* CustomSegmentedControlsAppDelegate.h */ = {isa = PBXFileReference; fileEncoding = 4; lastKnownFileType = sourcecode.c.h; path = CustomSegmentedControlsAppDelegate.h; sourceTree = "<group>"; };
		1D3623250D0F684500981E51 /* CustomSegmentedControlsAppDelegate.m */ = {isa = PBXFileReference; fileEncoding = 4; lastKnownFileType = sourcecode.c.objc; path = CustomSegmentedControlsAppDelegate.m; sourceTree = "<group>"; };
		1D6058910D05DD3D006BFB54 /* CustomSegmentedControls.app */ = {isa = PBXFileReference; explicitFileType = wrapper.application; includeInIndex = 0; path = CustomSegmentedControls.app; sourceTree = BUILT_PRODUCTS_DIR; };
		1DF5F4DF0D08C38300B7A737 /* UIKit.framework */ = {isa = PBXFileReference; lastKnownFileType = wrapper.framework; name = UIKit.framework; path = System/Library/Frameworks/UIKit.framework; sourceTree = SDKROOT; };
		288765A40DF7441C002DB57D /* CoreGraphics.framework */ = {isa = PBXFileReference; lastKnownFileType = wrapper.framework; name = CoreGraphics.framework; path = System/Library/Frameworks/CoreGraphics.framework; sourceTree = SDKROOT; };
		2899E5210DE3E06400AC0155 /* CustomSegmentedControlsViewController.xib */ = {isa = PBXFileReference; lastKnownFileType = file.xib; path = CustomSegmentedControlsViewController.xib; sourceTree = "<group>"; };
		28AD733E0D9D9553002E5188 /* MainWindow.xib */ = {isa = PBXFileReference; lastKnownFileType = file.xib; path = MainWindow.xib; sourceTree = "<group>"; };
		28D7ACF60DDB3853001CB0EB /* CustomSegmentedControlsViewController.h */ = {isa = PBXFileReference; fileEncoding = 4; lastKnownFileType = sourcecode.c.h; path = CustomSegmentedControlsViewController.h; sourceTree = "<group>"; };
		28D7ACF70DDB3853001CB0EB /* CustomSegmentedControlsViewController.m */ = {isa = PBXFileReference; fileEncoding = 4; lastKnownFileType = sourcecode.c.objc; path = CustomSegmentedControlsViewController.m; sourceTree = "<group>"; };
		29B97316FDCFA39411CA2CEA /* main.m */ = {isa = PBXFileReference; fileEncoding = 4; lastKnownFileType = sourcecode.c.objc; path = main.m; sourceTree = "<group>"; };
		32CA4F630368D1EE00C91783 /* CustomSegmentedControls_Prefix.pch */ = {isa = PBXFileReference; fileEncoding = 4; lastKnownFileType = sourcecode.c.h; path = CustomSegmentedControls_Prefix.pch; sourceTree = "<group>"; };
		7FCA1AAA12B33C5400D76D3A /* blue-divider.png */ = {isa = PBXFileReference; lastKnownFileType = image.png; path = "blue-divider.png"; sourceTree = "<group>"; };
		7FCA1AAC12B33C5400D76D3A /* bottombarredfire_pressed.png */ = {isa = PBXFileReference; lastKnownFileType = image.png; path = bottombarredfire_pressed.png; sourceTree = "<group>"; };
		7FCA1AAD12B33C5400D76D3A /* bottombarredfire.png */ = {isa = PBXFileReference; lastKnownFileType = image.png; path = bottombarredfire.png; sourceTree = "<group>"; };
		7FCA1AC212B342BE00D76D3A /* bottombarblue_pressed.png */ = {isa = PBXFileReference; lastKnownFileType = image.png; path = bottombarblue_pressed.png; sourceTree = "<group>"; };
		7FCA1AC312B342BE00D76D3A /* bottombarblue.png */ = {isa = PBXFileReference; lastKnownFileType = image.png; path = bottombarblue.png; sourceTree = "<group>"; };
		7FCA1B0812B41C4D00D76D3A /* CustomSegmentedControl.h */ = {isa = PBXFileReference; fileEncoding = 4; lastKnownFileType = sourcecode.c.h; path = CustomSegmentedControl.h; sourceTree = "<group>"; };
		7FCA1B0912B41C4D00D76D3A /* CustomSegmentedControl.m */ = {isa = PBXFileReference; fileEncoding = 4; lastKnownFileType = sourcecode.c.objc; path = CustomSegmentedControl.m; sourceTree = "<group>"; };
		7FCA1CAE12B42B9100D76D3A /* red-divider.png */ = {isa = PBXFileReference; lastKnownFileType = image.png; path = "red-divider.png"; sourceTree = "<group>"; };
		8D1107310486CEB800E47090 /* CustomSegmentedControls-Info.plist */ = {isa = PBXFileReference; fileEncoding = 4; lastKnownFileType = text.plist.xml; path = "CustomSegmentedControls-Info.plist"; plistStructureDefinitionIdentifier = "com.apple.xcode.plist.structure-definition.iphone.info-plist"; sourceTree = "<group>"; };
/* End PBXFileReference section */

/* Begin PBXFrameworksBuildPhase section */
		1D60588F0D05DD3D006BFB54 /* Frameworks */ = {
			isa = PBXFrameworksBuildPhase;
			buildActionMask = 2147483647;
			files = (
				1D60589F0D05DD5A006BFB54 /* Foundation.framework in Frameworks */,
				1DF5F4E00D08C38300B7A737 /* UIKit.framework in Frameworks */,
				288765A50DF7441C002DB57D /* CoreGraphics.framework in Frameworks */,
			);
			runOnlyForDeploymentPostprocessing = 0;
		};
/* End PBXFrameworksBuildPhase section */

/* Begin PBXGroup section */
		080E96DDFE201D6D7F000001 /* Classes */ = {
			isa = PBXGroup;
			children = (
				1D3623240D0F684500981E51 /* CustomSegmentedControlsAppDelegate.h */,
				1D3623250D0F684500981E51 /* CustomSegmentedControlsAppDelegate.m */,
				28D7ACF60DDB3853001CB0EB /* CustomSegmentedControlsViewController.h */,
				28D7ACF70DDB3853001CB0EB /* CustomSegmentedControlsViewController.m */,
				7FCA1B0812B41C4D00D76D3A /* CustomSegmentedControl.h */,
				7FCA1B0912B41C4D00D76D3A /* CustomSegmentedControl.m */,
			);
			path = Classes;
			sourceTree = "<group>";
		};
		19C28FACFE9D520D11CA2CBB /* Products */ = {
			isa = PBXGroup;
			children = (
				1D6058910D05DD3D006BFB54 /* CustomSegmentedControls.app */,
			);
			name = Products;
			sourceTree = "<group>";
		};
		29B97314FDCFA39411CA2CEA /* CustomTemplate */ = {
			isa = PBXGroup;
			children = (
				080E96DDFE201D6D7F000001 /* Classes */,
				29B97315FDCFA39411CA2CEA /* Other Sources */,
				29B97317FDCFA39411CA2CEA /* Resources */,
				29B97323FDCFA39411CA2CEA /* Frameworks */,
				19C28FACFE9D520D11CA2CBB /* Products */,
			);
			name = CustomTemplate;
			sourceTree = "<group>";
		};
		29B97315FDCFA39411CA2CEA /* Other Sources */ = {
			isa = PBXGroup;
			children = (
				32CA4F630368D1EE00C91783 /* CustomSegmentedControls_Prefix.pch */,
				29B97316FDCFA39411CA2CEA /* main.m */,
			);
			name = "Other Sources";
			sourceTree = "<group>";
		};
		29B97317FDCFA39411CA2CEA /* Resources */ = {
			isa = PBXGroup;
			children = (
				2899E5210DE3E06400AC0155 /* CustomSegmentedControlsViewController.xib */,
				28AD733E0D9D9553002E5188 /* MainWindow.xib */,
				8D1107310486CEB800E47090 /* CustomSegmentedControls-Info.plist */,
				7FCA1AAA12B33C5400D76D3A /* blue-divider.png */,
				7FCA1CAE12B42B9100D76D3A /* red-divider.png */,
				7FCA1AAC12B33C5400D76D3A /* bottombarredfire_pressed.png */,
				7FCA1AAD12B33C5400D76D3A /* bottombarredfire.png */,
				7FCA1AC212B342BE00D76D3A /* bottombarblue_pressed.png */,
				7FCA1AC312B342BE00D76D3A /* bottombarblue.png */,
			);
			name = Resources;
			sourceTree = "<group>";
		};
		29B97323FDCFA39411CA2CEA /* Frameworks */ = {
			isa = PBXGroup;
			children = (
				1DF5F4DF0D08C38300B7A737 /* UIKit.framework */,
				1D30AB110D05D00D00671497 /* Foundation.framework */,
				288765A40DF7441C002DB57D /* CoreGraphics.framework */,
			);
			name = Frameworks;
			sourceTree = "<group>";
		};
/* End PBXGroup section */

/* Begin PBXNativeTarget section */
		1D6058900D05DD3D006BFB54 /* CustomSegmentedControls */ = {
			isa = PBXNativeTarget;
			buildConfigurationList = 1D6058960D05DD3E006BFB54 /* Build configuration list for PBXNativeTarget "CustomSegmentedControls" */;
			buildPhases = (
				1D60588D0D05DD3D006BFB54 /* Resources */,
				1D60588E0D05DD3D006BFB54 /* Sources */,
				1D60588F0D05DD3D006BFB54 /* Frameworks */,
			);
			buildRules = (
			);
			dependencies = (
			);
			name = CustomSegmentedControls;
			productName = CustomSegmentedControls;
			productReference = 1D6058910D05DD3D006BFB54 /* CustomSegmentedControls.app */;
			productType = "com.apple.product-type.application";
		};
/* End PBXNativeTarget section */

/* Begin PBXProject section */
		29B97313FDCFA39411CA2CEA /* Project object */ = {
			isa = PBXProject;
			buildConfigurationList = C01FCF4E08A954540054247B /* Build configuration list for PBXProject "CustomSegmentedControls" */;
			compatibilityVersion = "Xcode 3.1";
			developmentRegion = English;
			hasScannedForEncodings = 1;
			knownRegions = (
				English,
				Japanese,
				French,
				German,
			);
			mainGroup = 29B97314FDCFA39411CA2CEA /* CustomTemplate */;
			projectDirPath = "";
			projectRoot = "";
			targets = (
				1D6058900D05DD3D006BFB54 /* CustomSegmentedControls */,
			);
		};
/* End PBXProject section */

/* Begin PBXResourcesBuildPhase section */
		1D60588D0D05DD3D006BFB54 /* Resources */ = {
			isa = PBXResourcesBuildPhase;
			buildActionMask = 2147483647;
			files = (
				28AD733F0D9D9553002E5188 /* MainWindow.xib in Resources */,
				2899E5220DE3E06400AC0155 /* CustomSegmentedControlsViewController.xib in Resources */,
				7FCA1AAE12B33C5400D76D3A /* blue-divider.png in Resources */,
				7FCA1AB012B33C5400D76D3A /* bottombarredfire_pressed.png in Resources */,
				7FCA1AB112B33C5400D76D3A /* bottombarredfire.png in Resources */,
				7FCA1AC412B342BE00D76D3A /* bottombarblue_pressed.png in Resources */,
				7FCA1AC512B342BE00D76D3A /* bottombarblue.png in Resources */,
				7FCA1CAF12B42B9100D76D3A /* red-divider.png in Resources */,
			);
			runOnlyForDeploymentPostprocessing = 0;
		};
/* End PBXResourcesBuildPhase section */

/* Begin PBXSourcesBuildPhase section */
		1D60588E0D05DD3D006BFB54 /* Sources */ = {
			isa = PBXSourcesBuildPhase;
			buildActionMask = 2147483647;
			files = (
				1D60589B0D05DD56006BFB54 /* main.m in Sources */,
				1D3623260D0F684500981E51 /* CustomSegmentedControlsAppDelegate.m in Sources */,
				28D7ACF80DDB3853001CB0EB /* CustomSegmentedControlsViewController.m in Sources */,
				7FCA1B0A12B41C4D00D76D3A /* CustomSegmentedControl.m in Sources */,
			);
			runOnlyForDeploymentPostprocessing = 0;
		};
/* End PBXSourcesBuildPhase section */

/* Begin XCBuildConfiguration section */
		1D6058940D05DD3E006BFB54 /* Debug */ = {
			isa = XCBuildConfiguration;
			buildSettings = {
				ALWAYS_SEARCH_USER_PATHS = NO;
				COPY_PHASE_STRIP = NO;
				GCC_DYNAMIC_NO_PIC = NO;
				GCC_OPTIMIZATION_LEVEL = 0;
				GCC_PRECOMPILE_PREFIX_HEADER = YES;
				GCC_PREFIX_HEADER = CustomSegmentedControls_Prefix.pch;
				INFOPLIST_FILE = "CustomSegmentedControls-Info.plist";
				PRODUCT_NAME = CustomSegmentedControls;
			};
			name = Debug;
		};
		1D6058950D05DD3E006BFB54 /* Release */ = {
			isa = XCBuildConfiguration;
			buildSettings = {
				ALWAYS_SEARCH_USER_PATHS = NO;
				COPY_PHASE_STRIP = YES;
				GCC_PRECOMPILE_PREFIX_HEADER = YES;
				GCC_PREFIX_HEADER = CustomSegmentedControls_Prefix.pch;
				INFOPLIST_FILE = "CustomSegmentedControls-Info.plist";
				PRODUCT_NAME = CustomSegmentedControls;
				VALIDATE_PRODUCT = YES;
			};
			name = Release;
		};
		C01FCF4F08A954540054247B /* Debug */ = {
			isa = XCBuildConfiguration;
			buildSettings = {
				ARCHS = "$(ARCHS_STANDARD_32_BIT)";
				"CODE_SIGN_IDENTITY[sdk=iphoneos*]" = "iPhone Developer";
				GCC_C_LANGUAGE_STANDARD = c99;
				GCC_WARN_ABOUT_RETURN_TYPE = YES;
				GCC_WARN_UNUSED_VARIABLE = YES;
				PREBINDING = NO;
				SDKROOT = iphoneos;
			};
			name = Debug;
		};
		C01FCF5008A954540054247B /* Release */ = {
			isa = XCBuildConfiguration;
			buildSettings = {
				ARCHS = "$(ARCHS_STANDARD_32_BIT)";
				"CODE_SIGN_IDENTITY[sdk=iphoneos*]" = "iPhone Developer";
				GCC_C_LANGUAGE_STANDARD = c99;
				GCC_WARN_ABOUT_RETURN_TYPE = YES;
				GCC_WARN_UNUSED_VARIABLE = YES;
				OTHER_CFLAGS = "-DNS_BLOCK_ASSERTIONS=1";
				PREBINDING = NO;
				SDKROOT = iphoneos;
			};
			name = Release;
		};
/* End XCBuildConfiguration section */

/* Begin XCConfigurationList section */
		1D6058960D05DD3E006BFB54 /* Build configuration list for PBXNativeTarget "CustomSegmentedControls" */ = {
			isa = XCConfigurationList;
			buildConfigurations = (
				1D6058940D05DD3E006BFB54 /* Debug */,
				1D6058950D05DD3E006BFB54 /* Release */,
			);
			defaultConfigurationIsVisible = 0;
			defaultConfigurationName = Release;
		};
		C01FCF4E08A954540054247B /* Build configuration list for PBXProject "CustomSegmentedControls" */ = {
			isa = XCConfigurationList;
			buildConfigurations = (
				C01FCF4F08A954540054247B /* Debug */,
				C01FCF5008A954540054247B /* Release */,
			);
			defaultConfigurationIsVisible = 0;
			defaultConfigurationName = Release;
		};
/* End XCConfigurationList section */
	};
	rootObject = 29B97313FDCFA39411CA2CEA /* Project object */;
}
